
Microsoft Visual Studio Solution File, Format Version 12.00
# Visual Studio Version 16
VisualStudioVersion = 16.0.29613.14
MinimumVisualStudioVersion = 10.0.40219.1
Project("{FAE04EC0-301F-11D3-BF4B-00C04F79EFBC}") = "node_script", "node_script\node_script.csproj", "{51E09956-BF7F-4A4F-806B-8949FD066C1E}"
EndProject
Global
	GlobalSection(SolutionConfigurationPlatforms) = preSolution
		Debug|Any CPU = Debug|Any CPU
		Release|Any CPU = Release|Any CPU
	EndGlobalSection
	GlobalSection(ProjectConfigurationPlatforms) = postSolution
		{51E09956-BF7F-4A4F-806B-8949FD066C1E}.Debug|Any CPU.ActiveCfg = Debug|Any CPU
		{51E09956-BF7F-4A4F-806B-8949FD066C1E}.Debug|Any CPU.Build.0 = Debug|Any CPU
		{51E09956-BF7F-4A4F-806B-8949FD066C1E}.Release|Any CPU.ActiveCfg = Release|Any CPU
		{51E09956-BF7F-4A4F-806B-8949FD066C1E}.Release|Any CPU.Build.0 = Release|Any CPU
	EndGlobalSection
	GlobalSection(SolutionProperties) = preSolution
		HideSolutionNode = FALSE
	EndGlobalSection
	GlobalSection(ExtensibilityGlobals) = postSolution
		SolutionGuid = {B65EC4F6-9DCE-4CC1-A006-32B42648B99E}
	EndGlobalSection
EndGlobal
